<Solution>
  <Configurations>
    <BuildType Name="Debug" />
    <BuildType Name="Public Release" />
    <BuildType Name="Release" />
    <Platform Name="x64" />
  </Configurations>
  <Folder Name="/Solution Items/">
    <File Path="Directory.Build.props" />
  </Folder>
  <Project Path="src/MSCMP/MSCMP.csproj">
    <Platform Project="x64" />
  </Project>
  <Project Path="src/MSCMPMessages/MSCMPMessages.csproj">
    <Platform Project="x64" />
  </Project>
</Solution>
